// !$*UTF8*$!
{
	archiveVersion = 1;
	classes = {
	};
	objectVersion = 46;
	objects = {

/* Begin PBXBuildFile section */
		013A007F1E89424400A90D2A /* SearchImageCollectionViewCell.swift in Sources */ = {isa = PBXBuildFile; fileRef = 013A007E1E89424400A90D2A /* SearchImageCollectionViewCell.swift */; };
		013A00831E8CF07B00A90D2A /* GifGiphy.swift in Sources */ = {isa = PBXBuildFile; fileRef = 013A00821E8CF07B00A90D2A /* GifGiphy.swift */; };
		013A00861E924EAE00A90D2A /* config.plist in Resources */ = {isa = PBXBuildFile; fileRef = 013A00851E924EAE00A90D2A /* config.plist */; };
		013A00D11E962DAA00A90D2A /* Model.xcdatamodeld in Sources */ = {isa = PBXBuildFile; fileRef = 013A00CF1E962DAA00A90D2A /* Model.xcdatamodeld */; };
		013F83AC1E83DF1300F2A84E /* quotes.plist in Resources */ = {isa = PBXBuildFile; fileRef = 013F83AB1E83DF1300F2A84E /* quotes.plist */; };
		013F83AF1E8413E600F2A84E /* ImageGallery.storyboard in Resources */ = {isa = PBXBuildFile; fileRef = 013F83AE1E8413E600F2A84E /* ImageGallery.storyboard */; };
		013F83B11E84144500F2A84E /* ImageGalleryCollectionViewController.swift in Sources */ = {isa = PBXBuildFile; fileRef = 013F83B01E84144500F2A84E /* ImageGalleryCollectionViewController.swift */; };
		013F83B31E8414ED00F2A84E /* ImageGalleryCollectionViewCell.swift in Sources */ = {isa = PBXBuildFile; fileRef = 013F83B21E8414ED00F2A84E /* ImageGalleryCollectionViewCell.swift */; };
		013F83B51E84244500F2A84E /* DetailImageViewController.swift in Sources */ = {isa = PBXBuildFile; fileRef = 013F83B41E84244500F2A84E /* DetailImageViewController.swift */; };
		013F83B91E855F6600F2A84E /* GiphyService.swift in Sources */ = {isa = PBXBuildFile; fileRef = 013F83B81E855F6600F2A84E /* GiphyService.swift */; };
		0146E98A1E7FE630006238AF /* AppDelegate.swift in Sources */ = {isa = PBXBuildFile; fileRef = 0146E9891E7FE630006238AF /* AppDelegate.swift */; };
		0146E98C1E7FE630006238AF /* ViewController.swift in Sources */ = {isa = PBXBuildFile; fileRef = 0146E98B1E7FE630006238AF /* ViewController.swift */; };
		0146E98F1E7FE630006238AF /* Main.storyboard in Resources */ = {isa = PBXBuildFile; fileRef = 0146E98D1E7FE630006238AF /* Main.storyboard */; };
		0146E9911E7FE630006238AF /* Assets.xcassets in Resources */ = {isa = PBXBuildFile; fileRef = 0146E9901E7FE630006238AF /* Assets.xcassets */; };
		0146E9941E7FE630006238AF /* LaunchScreen.storyboard in Resources */ = {isa = PBXBuildFile; fileRef = 0146E9921E7FE630006238AF /* LaunchScreen.storyboard */; };
		016539BF1E979AC300C86AB7 /* CoreDataGif.swift in Sources */ = {isa = PBXBuildFile; fileRef = 016539BE1E979AC300C86AB7 /* CoreDataGif.swift */; };
		0183E92E1E82B91C003A3F7F /* Quote.swift in Sources */ = {isa = PBXBuildFile; fileRef = 0183E92D1E82B91C003A3F7F /* Quote.swift */; };
		0183E9301E82C1D1003A3F7F /* QuoteTableViewCell.swift in Sources */ = {isa = PBXBuildFile; fileRef = 0183E92F1E82C1D1003A3F7F /* QuoteTableViewCell.swift */; };
		0183E9321E82CD6F003A3F7F /* quoteDetailViewController.swift in Sources */ = {isa = PBXBuildFile; fileRef = 0183E9311E82CD6F003A3F7F /* quoteDetailViewController.swift */; };
		019BCD011E8175BB00EF4459 /* HelloViewController.swift in Sources */ = {isa = PBXBuildFile; fileRef = 019BCD001E8175BB00EF4459 /* HelloViewController.swift */; };
		019BCD031E8274DE00EF4459 /* Navigation.storyboard in Resources */ = {isa = PBXBuildFile; fileRef = 019BCD021E8274DE00EF4459 /* Navigation.storyboard */; };
		019BCD051E82888600EF4459 /* ModalTestViewController.swift in Sources */ = {isa = PBXBuildFile; fileRef = 019BCD041E82888600EF4459 /* ModalTestViewController.swift */; };
		019BCD071E828AAB00EF4459 /* ModalImageViewController.swift in Sources */ = {isa = PBXBuildFile; fileRef = 019BCD061E828AAB00EF4459 /* ModalImageViewController.swift */; };
		019BCD091E82A77F00EF4459 /* Tables.storyboard in Resources */ = {isa = PBXBuildFile; fileRef = 019BCD081E82A77F00EF4459 /* Tables.storyboard */; };
		019BCD0B1E82ADE800EF4459 /* DynamiqueTableViewController.swift in Sources */ = {isa = PBXBuildFile; fileRef = 019BCD0A1E82ADE800EF4459 /* DynamiqueTableViewController.swift */; };
		019E47291E86972000748FE6 /* Swift+Gif.swift in Sources */ = {isa = PBXBuildFile; fileRef = 019E47281E86972000748FE6 /* Swift+Gif.swift */; };
/* End PBXBuildFile section */

/* Begin PBXFileReference section */
		013A007E1E89424400A90D2A /* SearchImageCollectionViewCell.swift */ = {isa = PBXFileReference; fileEncoding = 4; lastKnownFileType = sourcecode.swift; path = SearchImageCollectionViewCell.swift; sourceTree = "<group>"; };
		013A00821E8CF07B00A90D2A /* GifGiphy.swift */ = {isa = PBXFileReference; fileEncoding = 4; lastKnownFileType = sourcecode.swift; path = GifGiphy.swift; sourceTree = "<group>"; };
		013A00851E924EAE00A90D2A /* config.plist */ = {isa = PBXFileReference; fileEncoding = 4; lastKnownFileType = text.plist.xml; path = config.plist; sourceTree = "<group>"; };
		013A00D01E962DAA00A90D2A /* Model.xcdatamodel */ = {isa = PBXFileReference; lastKnownFileType = wrapper.xcdatamodel; path = Model.xcdatamodel; sourceTree = "<group>"; };
		013F83AB1E83DF1300F2A84E /* quotes.plist */ = {isa = PBXFileReference; fileEncoding = 4; lastKnownFileType = text.plist.xml; path = quotes.plist; sourceTree = "<group>"; };
		013F83AE1E8413E600F2A84E /* ImageGallery.storyboard */ = {isa = PBXFileReference; fileEncoding = 4; lastKnownFileType = file.storyboard; path = ImageGallery.storyboard; sourceTree = "<group>"; };
		013F83B01E84144500F2A84E /* ImageGalleryCollectionViewController.swift */ = {isa = PBXFileReference; fileEncoding = 4; lastKnownFileType = sourcecode.swift; path = ImageGalleryCollectionViewController.swift; sourceTree = "<group>"; };
		013F83B21E8414ED00F2A84E /* ImageGalleryCollectionViewCell.swift */ = {isa = PBXFileReference; fileEncoding = 4; lastKnownFileType = sourcecode.swift; path = ImageGalleryCollectionViewCell.swift; sourceTree = "<group>"; };
		013F83B41E84244500F2A84E /* DetailImageViewController.swift */ = {isa = PBXFileReference; fileEncoding = 4; lastKnownFileType = sourcecode.swift; path = DetailImageViewController.swift; sourceTree = "<group>"; };
		013F83B81E855F6600F2A84E /* GiphyService.swift */ = {isa = PBXFileReference; fileEncoding = 4; lastKnownFileType = sourcecode.swift; path = GiphyService.swift; sourceTree = "<group>"; };
		0146E9861E7FE630006238AF /* Helloworld.app */ = {isa = PBXFileReference; explicitFileType = wrapper.application; includeInIndex = 0; path = Helloworld.app; sourceTree = BUILT_PRODUCTS_DIR; };
		0146E9891E7FE630006238AF /* AppDelegate.swift */ = {isa = PBXFileReference; lastKnownFileType = sourcecode.swift; path = AppDelegate.swift; sourceTree = "<group>"; };
		0146E98B1E7FE630006238AF /* ViewController.swift */ = {isa = PBXFileReference; lastKnownFileType = sourcecode.swift; path = ViewController.swift; sourceTree = "<group>"; };
		0146E98E1E7FE630006238AF /* Base */ = {isa = PBXFileReference; lastKnownFileType = file.storyboard; name = Base; path = Base.lproj/Main.storyboard; sourceTree = "<group>"; };
		0146E9901E7FE630006238AF /* Assets.xcassets */ = {isa = PBXFileReference; lastKnownFileType = folder.assetcatalog; path = Assets.xcassets; sourceTree = "<group>"; };
		0146E9931E7FE630006238AF /* Base */ = {isa = PBXFileReference; lastKnownFileType = file.storyboard; name = Base; path = Base.lproj/LaunchScreen.storyboard; sourceTree = "<group>"; };
		0146E9951E7FE630006238AF /* Info.plist */ = {isa = PBXFileReference; lastKnownFileType = text.plist.xml; path = Info.plist; sourceTree = "<group>"; };
		016539BE1E979AC300C86AB7 /* CoreDataGif.swift */ = {isa = PBXFileReference; fileEncoding = 4; lastKnownFileType = sourcecode.swift; path = CoreDataGif.swift; sourceTree = "<group>"; };
		0183E92D1E82B91C003A3F7F /* Quote.swift */ = {isa = PBXFileReference; fileEncoding = 4; lastKnownFileType = sourcecode.swift; path = Quote.swift; sourceTree = "<group>"; };
		0183E92F1E82C1D1003A3F7F /* QuoteTableViewCell.swift */ = {isa = PBXFileReference; fileEncoding = 4; lastKnownFileType = sourcecode.swift; path = QuoteTableViewCell.swift; sourceTree = "<group>"; };
		0183E9311E82CD6F003A3F7F /* quoteDetailViewController.swift */ = {isa = PBXFileReference; fileEncoding = 4; lastKnownFileType = sourcecode.swift; path = quoteDetailViewController.swift; sourceTree = "<group>"; };
		019BCD001E8175BB00EF4459 /* HelloViewController.swift */ = {isa = PBXFileReference; fileEncoding = 4; lastKnownFileType = sourcecode.swift; path = HelloViewController.swift; sourceTree = "<group>"; };
		019BCD021E8274DE00EF4459 /* Navigation.storyboard */ = {isa = PBXFileReference; fileEncoding = 4; lastKnownFileType = file.storyboard; path = Navigation.storyboard; sourceTree = "<group>"; };
		019BCD041E82888600EF4459 /* ModalTestViewController.swift */ = {isa = PBXFileReference; fileEncoding = 4; lastKnownFileType = sourcecode.swift; path = ModalTestViewController.swift; sourceTree = "<group>"; };
		019BCD061E828AAB00EF4459 /* ModalImageViewController.swift */ = {isa = PBXFileReference; fileEncoding = 4; lastKnownFileType = sourcecode.swift; path = ModalImageViewController.swift; sourceTree = "<group>"; };
		019BCD081E82A77F00EF4459 /* Tables.storyboard */ = {isa = PBXFileReference; fileEncoding = 4; lastKnownFileType = file.storyboard; path = Tables.storyboard; sourceTree = "<group>"; };
		019BCD0A1E82ADE800EF4459 /* DynamiqueTableViewController.swift */ = {isa = PBXFileReference; fileEncoding = 4; lastKnownFileType = sourcecode.swift; path = DynamiqueTableViewController.swift; sourceTree = "<group>"; };
		019E47281E86972000748FE6 /* Swift+Gif.swift */ = {isa = PBXFileReference; fileEncoding = 4; lastKnownFileType = sourcecode.swift; path = "Swift+Gif.swift"; sourceTree = "<group>"; };
		01D185E71E9BBAF400405BC4 /* fr */ = {isa = PBXFileReference; lastKnownFileType = text.plist.strings; name = fr; path = fr.lproj/Main.strings; sourceTree = "<group>"; };
		01D185E81E9BBAF400405BC4 /* fr */ = {isa = PBXFileReference; lastKnownFileType = text.plist.strings; name = fr; path = fr.lproj/LaunchScreen.strings; sourceTree = "<group>"; };
/* End PBXFileReference section */

/* Begin PBXFrameworksBuildPhase section */
		0146E9831E7FE630006238AF /* Frameworks */ = {
			isa = PBXFrameworksBuildPhase;
			buildActionMask = 2147483647;
			files = (
			);
			runOnlyForDeploymentPostprocessing = 0;
		};
/* End PBXFrameworksBuildPhase section */

/* Begin PBXGroup section */
		012C10EC1E868BF000872A5A /* Controller */ = {
			isa = PBXGroup;
			children = (
				013F83B81E855F6600F2A84E /* GiphyService.swift */,
				013F83B01E84144500F2A84E /* ImageGalleryCollectionViewController.swift */,
				013F83B41E84244500F2A84E /* DetailImageViewController.swift */,
				019E47281E86972000748FE6 /* Swift+Gif.swift */,
				016539BE1E979AC300C86AB7 /* CoreDataGif.swift */,
			);
			name = Controller;
			sourceTree = "<group>";
		};
		012C10ED1E868C0E00872A5A /* View */ = {
			isa = PBXGroup;
			children = (
				013F83B21E8414ED00F2A84E /* ImageGalleryCollectionViewCell.swift */,
				013F83AE1E8413E600F2A84E /* ImageGallery.storyboard */,
				013A007E1E89424400A90D2A /* SearchImageCollectionViewCell.swift */,
			);
			name = View;
			sourceTree = "<group>";
		};
		013A00841E8CF08400A90D2A /* Model */ = {
			isa = PBXGroup;
			children = (
				013A00CF1E962DAA00A90D2A /* Model.xcdatamodeld */,
				013A00821E8CF07B00A90D2A /* GifGiphy.swift */,
				013A00851E924EAE00A90D2A /* config.plist */,
			);
			name = Model;
			sourceTree = "<group>";
		};
		013F83A61E83DC6500F2A84E /* UiTableView */ = {
			isa = PBXGroup;
			children = (
				013F83AA1E83DD6500F2A84E /* Controller */,
				013F83A91E83DD5E00F2A84E /* Vue */,
				013F83A81E83DD5500F2A84E /* Model */,
			);
			name = UiTableView;
			sourceTree = "<group>";
		};
		013F83A71E83DD0700F2A84E /* Navigation */ = {
			isa = PBXGroup;
			children = (
				019BCD021E8274DE00EF4459 /* Navigation.storyboard */,
			);
			name = Navigation;
			sourceTree = "<group>";
		};
		013F83A81E83DD5500F2A84E /* Model */ = {
			isa = PBXGroup;
			children = (
				0183E92D1E82B91C003A3F7F /* Quote.swift */,
				013F83AB1E83DF1300F2A84E /* quotes.plist */,
			);
			name = Model;
			sourceTree = "<group>";
		};
		013F83A91E83DD5E00F2A84E /* Vue */ = {
			isa = PBXGroup;
			children = (
				0183E92F1E82C1D1003A3F7F /* QuoteTableViewCell.swift */,
				019BCD081E82A77F00EF4459 /* Tables.storyboard */,
			);
			name = Vue;
			sourceTree = "<group>";
		};
		013F83AA1E83DD6500F2A84E /* Controller */ = {
			isa = PBXGroup;
			children = (
				019BCD0A1E82ADE800EF4459 /* DynamiqueTableViewController.swift */,
				0183E9311E82CD6F003A3F7F /* quoteDetailViewController.swift */,
			);
			name = Controller;
			sourceTree = "<group>";
		};
		013F83AD1E84132D00F2A84E /* ImageGallery */ = {
			isa = PBXGroup;
			children = (
				013A00841E8CF08400A90D2A /* Model */,
				012C10ED1E868C0E00872A5A /* View */,
				012C10EC1E868BF000872A5A /* Controller */,
			);
			name = ImageGallery;
			sourceTree = "<group>";
		};
		0146E97D1E7FE630006238AF = {
			isa = PBXGroup;
			children = (
				0146E9881E7FE630006238AF /* Helloworld */,
				0146E9871E7FE630006238AF /* Products */,
			);
			sourceTree = "<group>";
		};
		0146E9871E7FE630006238AF /* Products */ = {
			isa = PBXGroup;
			children = (
				0146E9861E7FE630006238AF /* Helloworld.app */,
			);
			name = Products;
			sourceTree = "<group>";
		};
		0146E9881E7FE630006238AF /* Helloworld */ = {
			isa = PBXGroup;
			children = (
				013F83AD1E84132D00F2A84E /* ImageGallery */,
				013F83A71E83DD0700F2A84E /* Navigation */,
				013F83A61E83DC6500F2A84E /* UiTableView */,
				0146E9891E7FE630006238AF /* AppDelegate.swift */,
				0146E98B1E7FE630006238AF /* ViewController.swift */,
				0146E98D1E7FE630006238AF /* Main.storyboard */,
				019BCD061E828AAB00EF4459 /* ModalImageViewController.swift */,
				019BCD041E82888600EF4459 /* ModalTestViewController.swift */,
				0146E9901E7FE630006238AF /* Assets.xcassets */,
				0146E9921E7FE630006238AF /* LaunchScreen.storyboard */,
				0146E9951E7FE630006238AF /* Info.plist */,
				019BCD001E8175BB00EF4459 /* HelloViewController.swift */,
			);
			path = Helloworld;
			sourceTree = "<group>";
		};
/* End PBXGroup section */

/* Begin PBXNativeTarget section */
		0146E9851E7FE630006238AF /* Helloworld */ = {
			isa = PBXNativeTarget;
			buildConfigurationList = 0146E9981E7FE630006238AF /* Build configuration list for PBXNativeTarget "Helloworld" */;
			buildPhases = (
				0146E9821E7FE630006238AF /* Sources */,
				0146E9831E7FE630006238AF /* Frameworks */,
				0146E9841E7FE630006238AF /* Resources */,
			);
			buildRules = (
			);
			dependencies = (
			);
			name = Helloworld;
			productName = Helloworld;
			productReference = 0146E9861E7FE630006238AF /* Helloworld.app */;
			productType = "com.apple.product-type.application";
		};
/* End PBXNativeTarget section */

/* Begin PBXProject section */
		0146E97E1E7FE630006238AF /* Project object */ = {
			isa = PBXProject;
			attributes = {
				LastSwiftUpdateCheck = 0820;
				LastUpgradeCheck = 0820;
				ORGANIZATIONNAME = Astero;
				TargetAttributes = {
					0146E9851E7FE630006238AF = {
						CreatedOnToolsVersion = 8.2.1;
						DevelopmentTeam = RP7D6ER63X;
						ProvisioningStyle = Automatic;
					};
				};
			};
			buildConfigurationList = 0146E9811E7FE630006238AF /* Build configuration list for PBXProject "Helloworld" */;
			compatibilityVersion = "Xcode 3.2";
			developmentRegion = English;
			hasScannedForEncodings = 0;
			knownRegions = (
				en,
				Base,
			);
			mainGroup = 0146E97D1E7FE630006238AF;
			productRefGroup = 0146E9871E7FE630006238AF /* Products */;
			projectDirPath = "";
			projectRoot = "";
			targets = (
				0146E9851E7FE630006238AF /* Helloworld */,
			);
		};
/* End PBXProject section */

/* Begin PBXResourcesBuildPhase section */
		0146E9841E7FE630006238AF /* Resources */ = {
			isa = PBXResourcesBuildPhase;
			buildActionMask = 2147483647;
			files = (
				019BCD031E8274DE00EF4459 /* Navigation.storyboard in Resources */,
				019BCD091E82A77F00EF4459 /* Tables.storyboard in Resources */,
				013F83AF1E8413E600F2A84E /* ImageGallery.storyboard in Resources */,
				0146E9941E7FE630006238AF /* LaunchScreen.storyboard in Resources */,
				013A00861E924EAE00A90D2A /* config.plist in Resources */,
				0146E9911E7FE630006238AF /* Assets.xcassets in Resources */,
				0146E98F1E7FE630006238AF /* Main.storyboard in Resources */,
				013F83AC1E83DF1300F2A84E /* quotes.plist in Resources */,
			);
			runOnlyForDeploymentPostprocessing = 0;
		};
/* End PBXResourcesBuildPhase section */

/* Begin PBXSourcesBuildPhase section */
		0146E9821E7FE630006238AF /* Sources */ = {
			isa = PBXSourcesBuildPhase;
			buildActionMask = 2147483647;
			files = (
				013A00831E8CF07B00A90D2A /* GifGiphy.swift in Sources */,
				016539BF1E979AC300C86AB7 /* CoreDataGif.swift in Sources */,
				019BCD051E82888600EF4459 /* ModalTestViewController.swift in Sources */,
				019BCD011E8175BB00EF4459 /* HelloViewController.swift in Sources */,
				0146E98C1E7FE630006238AF /* ViewController.swift in Sources */,
				013F83B51E84244500F2A84E /* DetailImageViewController.swift in Sources */,
				019E47291E86972000748FE6 /* Swift+Gif.swift in Sources */,
				013A007F1E89424400A90D2A /* SearchImageCollectionViewCell.swift in Sources */,
				019BCD0B1E82ADE800EF4459 /* DynamiqueTableViewController.swift in Sources */,
				013A00D11E962DAA00A90D2A /* Model.xcdatamodeld in Sources */,
				013F83B91E855F6600F2A84E /* GiphyService.swift in Sources */,
				0183E9301E82C1D1003A3F7F /* QuoteTableViewCell.swift in Sources */,
				013F83B11E84144500F2A84E /* ImageGalleryCollectionViewController.swift in Sources */,
				019BCD071E828AAB00EF4459 /* ModalImageViewController.swift in Sources */,
				0183E9321E82CD6F003A3F7F /* quoteDetailViewController.swift in Sources */,
				0183E92E1E82B91C003A3F7F /* Quote.swift in Sources */,
				0146E98A1E7FE630006238AF /* AppDelegate.swift in Sources */,
				013F83B31E8414ED00F2A84E /* ImageGalleryCollectionViewCell.swift in Sources */,
			);
			runOnlyForDeploymentPostprocessing = 0;
		};
/* End PBXSourcesBuildPhase section */

/* Begin PBXVariantGroup section */
		0146E98D1E7FE630006238AF /* Main.storyboard */ = {
			isa = PBXVariantGroup;
			children = (
				0146E98E1E7FE630006238AF /* Base */,
				01D185E71E9BBAF400405BC4 /* fr */,
			);
			name = Main.storyboard;
			sourceTree = "<group>";
		};
		0146E9921E7FE630006238AF /* LaunchScreen.storyboard */ = {
			isa = PBXVariantGroup;
			children = (
				0146E9931E7FE630006238AF /* Base */,
				01D185E81E9BBAF400405BC4 /* fr */,
			);
			name = LaunchScreen.storyboard;
			sourceTree = "<group>";
		};
/* End PBXVariantGroup section */

/* Begin XCBuildConfiguration section */
		0146E9961E7FE630006238AF /* Debug */ = {
			isa = XCBuildConfiguration;
			buildSettings = {
				ALWAYS_SEARCH_USER_PATHS = NO;
				CLANG_ANALYZER_LOCALIZABILITY_NONLOCALIZED = YES;
				CLANG_ANALYZER_NONNULL = YES;
				CLANG_CXX_LANGUAGE_STANDARD = "gnu++0x";
				CLANG_CXX_LIBRARY = "libc++";
				CLANG_ENABLE_MODULES = YES;
				CLANG_ENABLE_OBJC_ARC = YES;
				CLANG_WARN_BOOL_CONVERSION = YES;
				CLANG_WARN_CONSTANT_CONVERSION = YES;
				CLANG_WARN_DIRECT_OBJC_ISA_USAGE = YES_ERROR;
				CLANG_WARN_DOCUMENTATION_COMMENTS = YES;
				CLANG_WARN_EMPTY_BODY = YES;
				CLANG_WARN_ENUM_CONVERSION = YES;
				CLANG_WARN_INFINITE_RECURSION = YES;
				CLANG_WARN_INT_CONVERSION = YES;
				CLANG_WARN_OBJC_ROOT_CLASS = YES_ERROR;
				CLANG_WARN_SUSPICIOUS_MOVE = YES;
				CLANG_WARN_UNREACHABLE_CODE = YES;
				CLANG_WARN__DUPLICATE_METHOD_MATCH = YES;
				"CODE_SIGN_IDENTITY[sdk=iphoneos*]" = "iPhone Developer";
				COPY_PHASE_STRIP = NO;
				DEBUG_INFORMATION_FORMAT = dwarf;
				ENABLE_STRICT_OBJC_MSGSEND = YES;
				ENABLE_TESTABILITY = YES;
				GCC_C_LANGUAGE_STANDARD = gnu99;
				GCC_DYNAMIC_NO_PIC = NO;
				GCC_NO_COMMON_BLOCKS = YES;
				GCC_OPTIMIZATION_LEVEL = 0;
				GCC_PREPROCESSOR_DEFINITIONS = (
					"DEBUG=1",
					"$(inherited)",
				);
				GCC_WARN_64_TO_32_BIT_CONVERSION = YES;
				GCC_WARN_ABOUT_RETURN_TYPE = YES_ERROR;
				GCC_WARN_UNDECLARED_SELECTOR = YES;
				GCC_WARN_UNINITIALIZED_AUTOS = YES_AGGRESSIVE;
				GCC_WARN_UNUSED_FUNCTION = YES;
				GCC_WARN_UNUSED_VARIABLE = YES;
				IPHONEOS_DEPLOYMENT_TARGET = 10.2;
				MTL_ENABLE_DEBUG_INFO = YES;
				ONLY_ACTIVE_ARCH = YES;
				SDKROOT = iphoneos;
				SWIFT_ACTIVE_COMPILATION_CONDITIONS = DEBUG;
				SWIFT_OPTIMIZATION_LEVEL = "-Onone";
				TARGETED_DEVICE_FAMILY = "1,2";
			};
			name = Debug;
		};
		0146E9971E7FE630006238AF /* Release */ = {
			isa = XCBuildConfiguration;
			buildSettings = {
				ALWAYS_SEARCH_USER_PATHS = NO;
				CLANG_ANALYZER_LOCALIZABILITY_NONLOCALIZED = YES;
				CLANG_ANALYZER_NONNULL = YES;
				CLANG_CXX_LANGUAGE_STANDARD = "gnu++0x";
				CLANG_CXX_LIBRARY = "libc++";
				CLANG_ENABLE_MODULES = YES;
				CLANG_ENABLE_OBJC_ARC = YES;
				CLANG_WARN_BOOL_CONVERSION = YES;
				CLANG_WARN_CONSTANT_CONVERSION = YES;
				CLANG_WARN_DIRECT_OBJC_ISA_USAGE = YES_ERROR;
				CLANG_WARN_DOCUMENTATION_COMMENTS = YES;
				CLANG_WARN_EMPTY_BODY = YES;
				CLANG_WARN_ENUM_CONVERSION = YES;
				CLANG_WARN_INFINITE_RECURSION = YES;
				CLANG_WARN_INT_CONVERSION = YES;
				CLANG_WARN_OBJC_ROOT_CLASS = YES_ERROR;
				CLANG_WARN_SUSPICIOUS_MOVE = YES;
				CLANG_WARN_UNREACHABLE_CODE = YES;
				CLANG_WARN__DUPLICATE_METHOD_MATCH = YES;
				"CODE_SIGN_IDENTITY[sdk=iphoneos*]" = "iPhone Developer";
				COPY_PHASE_STRIP = NO;
				DEBUG_INFORMATION_FORMAT = "dwarf-with-dsym";
				ENABLE_NS_ASSERTIONS = NO;
				ENABLE_STRICT_OBJC_MSGSEND = YES;
				GCC_C_LANGUAGE_STANDARD = gnu99;
				GCC_NO_COMMON_BLOCKS = YES;
				GCC_WARN_64_TO_32_BIT_CONVERSION = YES;
				GCC_WARN_ABOUT_RETURN_TYPE = YES_ERROR;
				GCC_WARN_UNDECLARED_SELECTOR = YES;
				GCC_WARN_UNINITIALIZED_AUTOS = YES_AGGRESSIVE;
				GCC_WARN_UNUSED_FUNCTION = YES;
				GCC_WARN_UNUSED_VARIABLE = YES;
				IPHONEOS_DEPLOYMENT_TARGET = 10.2;
				MTL_ENABLE_DEBUG_INFO = NO;
				SDKROOT = iphoneos;
				SWIFT_OPTIMIZATION_LEVEL = "-Owholemodule";
				TARGETED_DEVICE_FAMILY = "1,2";
				VALIDATE_PRODUCT = YES;
			};
			name = Release;
		};
		0146E9991E7FE630006238AF /* Debug */ = {
			isa = XCBuildConfiguration;
			buildSettings = {
				ASSETCATALOG_COMPILER_APPICON_NAME = AppIcon;
				"CODE_SIGN_IDENTITY[sdk=iphoneos*]" = "iPhone Developer";
				DEVELOPMENT_TEAM = RP7D6ER63X;
				INFOPLIST_FILE = Helloworld/Info.plist;
				IPHONEOS_DEPLOYMENT_TARGET = 10.2;
				LD_RUNPATH_SEARCH_PATHS = "$(inherited) @executable_path/Frameworks";
				PRODUCT_BUNDLE_IDENTIFIER = com.astero.Helloworld;
				PRODUCT_NAME = "$(TARGET_NAME)";
				SWIFT_VERSION = 3.0;
				TARGETED_DEVICE_FAMILY = "1,2";
			};
			name = Debug;
		};
		0146E99A1E7FE630006238AF /* Release */ = {
			isa = XCBuildConfiguration;
			buildSettings = {
				ASSETCATALOG_COMPILER_APPICON_NAME = AppIcon;
				"CODE_SIGN_IDENTITY[sdk=iphoneos*]" = "iPhone Developer";
				DEVELOPMENT_TEAM = RP7D6ER63X;
				INFOPLIST_FILE = Helloworld/Info.plist;
				IPHONEOS_DEPLOYMENT_TARGET = 10.2;
				LD_RUNPATH_SEARCH_PATHS = "$(inherited) @executable_path/Frameworks";
				PRODUCT_BUNDLE_IDENTIFIER = com.astero.Helloworld;
				PRODUCT_NAME = "$(TARGET_NAME)";
				SWIFT_VERSION = 3.0;
				TARGETED_DEVICE_FAMILY = "1,2";
			};
			name = Release;
		};
/* End XCBuildConfiguration section */

/* Begin XCConfigurationList section */
		0146E9811E7FE630006238AF /* Build configuration list for PBXProject "Helloworld" */ = {
			isa = XCConfigurationList;
			buildConfigurations = (
				0146E9961E7FE630006238AF /* Debug */,
				0146E9971E7FE630006238AF /* Release */,
			);
			defaultConfigurationIsVisible = 0;
			defaultConfigurationName = Release;
		};
		0146E9981E7FE630006238AF /* Build configuration list for PBXNativeTarget "Helloworld" */ = {
			isa = XCConfigurationList;
			buildConfigurations = (
				0146E9991E7FE630006238AF /* Debug */,
				0146E99A1E7FE630006238AF /* Release */,
			);
			defaultConfigurationIsVisible = 0;
			defaultConfigurationName = Release;
		};
/* End XCConfigurationList section */

/* Begin XCVersionGroup section */
		013A00CF1E962DAA00A90D2A /* Model.xcdatamodeld */ = {
			isa = XCVersionGroup;
			children = (
				013A00D01E962DAA00A90D2A /* Model.xcdatamodel */,
			);
			currentVersion = 013A00D01E962DAA00A90D2A /* Model.xcdatamodel */;
			path = Model.xcdatamodeld;
			sourceTree = "<group>";
			versionGroupType = wrapper.xcdatamodel;
		};
/* End XCVersionGroup section */
	};
	rootObject = 0146E97E1E7FE630006238AF /* Project object */;
}
